
Microsoft Visual Studio Solution File, Format Version 12.00
# Visual Studio Version 17
VisualStudioVersion = 17.2.32516.85
MinimumVisualStudioVersion = 10.0.40219.1
Project("{FAE04EC0-301F-11D3-BF4B-00C04F79EFBC}") = "TrocaImpressora", "TrocaImpressora\TrocaImpressora.csproj", "{51CA31F9-9903-4C89-B75B-20FF474E4320}"
EndProject
Global
	GlobalSection(SolutionConfigurationPlatforms) = preSolution
		Debug|Any CPU = Debug|Any CPU
		Release|Any CPU = Release|Any CPU
	EndGlobalSection
	GlobalSection(ProjectConfigurationPlatforms) = postSolution
		{51CA31F9-9903-4C89-B75B-20FF474E4320}.Debug|Any CPU.ActiveCfg = Debug|Any CPU
		{51CA31F9-9903-4C89-B75B-20FF474E4320}.Debug|Any CPU.Build.0 = Debug|Any CPU
		{51CA31F9-9903-4C89-B75B-20FF474E4320}.Release|Any CPU.ActiveCfg = Release|Any CPU
		{51CA31F9-9903-4C89-B75B-20FF474E4320}.Release|Any CPU.Build.0 = Release|Any CPU
	EndGlobalSection
	GlobalSection(SolutionProperties) = preSolution
		HideSolutionNode = FALSE
	EndGlobalSection
	GlobalSection(ExtensibilityGlobals) = postSolution
		SolutionGuid = {FE2AFC90-81B3-4B9F-BF90-A849EE2F9247}
	EndGlobalSection
EndGlobal
